
Microsoft Visual Studio Solution File, Format Version 12.00
# Visual Studio Version 16
VisualStudioVersion = 16.0.31424.327
MinimumVisualStudioVersion = 10.0.40219.1
Project("{FAE04EC0-301F-11D3-BF4B-00C04F79EFBC}") = "AZTranslatorWebApi", "AZTranslatorWebApi\AZTranslatorWebApi.csproj", "{1C794B2F-7989-4D5A-BB38-38FBF41AA167}"
EndProject
Global
	GlobalSection(SolutionConfigurationPlatforms) = preSolution
		Debug|Any CPU = Debug|Any CPU
		Release|Any CPU = Release|Any CPU
	EndGlobalSection
	GlobalSection(ProjectConfigurationPlatforms) = postSolution
		{1C794B2F-7989-4D5A-BB38-38FBF41AA167}.Debug|Any CPU.ActiveCfg = Debug|Any CPU
		{1C794B2F-7989-4D5A-BB38-38FBF41AA167}.Debug|Any CPU.Build.0 = Debug|Any CPU
		{1C794B2F-7989-4D5A-BB38-38FBF41AA167}.Release|Any CPU.ActiveCfg = Release|Any CPU
		{1C794B2F-7989-4D5A-BB38-38FBF41AA167}.Release|Any CPU.Build.0 = Release|Any CPU
	EndGlobalSection
	GlobalSection(SolutionProperties) = preSolution
		HideSolutionNode = FALSE
	EndGlobalSection
	GlobalSection(ExtensibilityGlobals) = postSolution
		SolutionGuid = {5FFF4786-A68A-42F1-9220-BC559CF1D572}
	EndGlobalSection
EndGlobal
